
Microsoft Visual Studio Solution File, Format Version 12.00
# Visual Studio 15
VisualStudioVersion = 15.0.28307.539
MinimumVisualStudioVersion = 10.0.40219.1
Project("{FAE04EC0-301F-11D3-BF4B-00C04F79EFBC}") = "StackAndQueue", "StackAndQueue\StackAndQueue.csproj", "{C183FCD6-E3BE-48AE-A783-4336399CD2B5}"
EndProject
Project("{FAE04EC0-301F-11D3-BF4B-00C04F79EFBC}") = "XUnitTestProject1", "XUnitTestProject1\XUnitTestProject1.csproj", "{672B235B-9BE7-44F9-BA4E-0BE683EB0954}"
EndProject
Global
	GlobalSection(SolutionConfigurationPlatforms) = preSolution
		Debug|Any CPU = Debug|Any CPU
		Release|Any CPU = Release|Any CPU
	EndGlobalSection
	GlobalSection(ProjectConfigurationPlatforms) = postSolution
		{C183FCD6-E3BE-48AE-A783-4336399CD2B5}.Debug|Any CPU.ActiveCfg = Debug|Any CPU
		{C183FCD6-E3BE-48AE-A783-4336399CD2B5}.Debug|Any CPU.Build.0 = Debug|Any CPU
		{C183FCD6-E3BE-48AE-A783-4336399CD2B5}.Release|Any CPU.ActiveCfg = Release|Any CPU
		{C183FCD6-E3BE-48AE-A783-4336399CD2B5}.Release|Any CPU.Build.0 = Release|Any CPU
		{672B235B-9BE7-44F9-BA4E-0BE683EB0954}.Debug|Any CPU.ActiveCfg = Debug|Any CPU
		{672B235B-9BE7-44F9-BA4E-0BE683EB0954}.Debug|Any CPU.Build.0 = Debug|Any CPU
		{672B235B-9BE7-44F9-BA4E-0BE683EB0954}.Release|Any CPU.ActiveCfg = Release|Any CPU
		{672B235B-9BE7-44F9-BA4E-0BE683EB0954}.Release|Any CPU.Build.0 = Release|Any CPU
	EndGlobalSection
	GlobalSection(SolutionProperties) = preSolution
		HideSolutionNode = FALSE
	EndGlobalSection
	GlobalSection(ExtensibilityGlobals) = postSolution
		SolutionGuid = {FDB580F9-06C2-4B0C-9232-F2898E6A36C5}
	EndGlobalSection
EndGlobal
